
Microsoft Visual Studio Solution File, Format Version 12.00
# Visual Studio Version 17
VisualStudioVersion = 17.14.36414.22 d17.14
MinimumVisualStudioVersion = 10.0.40219.1
Project("{FAE04EC0-301F-11D3-BF4B-00C04F79EFBC}") = "6-1", "6-1.csproj", "{043D7649-750A-46CF-9CBC-1529C35F7C4A}"
EndProject
Global
	GlobalSection(SolutionConfigurationPlatforms) = preSolution
		Debug|Any CPU = Debug|Any CPU
		Release|Any CPU = Release|Any CPU
	EndGlobalSection
	GlobalSection(ProjectConfigurationPlatforms) = postSolution
		{043D7649-750A-46CF-9CBC-1529C35F7C4A}.Debug|Any CPU.ActiveCfg = Debug|Any CPU
		{043D7649-750A-46CF-9CBC-1529C35F7C4A}.Debug|Any CPU.Build.0 = Debug|Any CPU
		{043D7649-750A-46CF-9CBC-1529C35F7C4A}.Release|Any CPU.ActiveCfg = Release|Any CPU
		{043D7649-750A-46CF-9CBC-1529C35F7C4A}.Release|Any CPU.Build.0 = Release|Any CPU
	EndGlobalSection
	GlobalSection(SolutionProperties) = preSolution
		HideSolutionNode = FALSE
	EndGlobalSection
	GlobalSection(ExtensibilityGlobals) = postSolution
		SolutionGuid = {73847AC1-938B-48A4-952E-DF243EF33FEB}
	EndGlobalSection
EndGlobal
